
Microsoft Visual Studio Solution File, Format Version 12.00
Project("{FAE04EC0-301F-11D3-BF4B-00C04F79EFBC}") = "DutyNotify", "DutyNotify\DutyNotify.csproj", "{0FA316E6-7F5C-4FE4-BCA4-5B57C1DA5BCF}"
EndProject
Global
	GlobalSection(SolutionConfigurationPlatforms) = preSolution
		Debug|Any CPU = Debug|Any CPU
		Release|Any CPU = Release|Any CPU
	EndGlobalSection
	GlobalSection(ProjectConfigurationPlatforms) = postSolution
		{0FA316E6-7F5C-4FE4-BCA4-5B57C1DA5BCF}.Debug|Any CPU.ActiveCfg = Debug|Any CPU
		{0FA316E6-7F5C-4FE4-BCA4-5B57C1DA5BCF}.Debug|Any CPU.Build.0 = Debug|Any CPU
		{0FA316E6-7F5C-4FE4-BCA4-5B57C1DA5BCF}.Release|Any CPU.ActiveCfg = Release|Any CPU
		{0FA316E6-7F5C-4FE4-BCA4-5B57C1DA5BCF}.Release|Any CPU.Build.0 = Release|Any CPU
	EndGlobalSection
EndGlobal
